
Microsoft Visual Studio Solution File, Format Version 12.00
# Visual Studio Version 17
VisualStudioVersion = 17.14.36301.6 d17.14
MinimumVisualStudioVersion = 10.0.40219.1
Project("{FAE04EC0-301F-11D3-BF4B-00C04F79EFBC}") = "Threads", "Threads.csproj", "{6EB86242-7D6C-4119-9672-40FC118E84E8}"
EndProject
Project("{2150E333-8FDC-42A3-9474-1A3956D46DE8}") = "Элементы решения", "Элементы решения", "{754FC069-D67B-A9D7-50A1-8D1CA196D8F1}"
	ProjectSection(SolutionItems) = preProject
		Counter.cs = Counter.cs
	EndProjectSection
EndProject
Global
	GlobalSection(SolutionConfigurationPlatforms) = preSolution
		Debug|Any CPU = Debug|Any CPU
		Release|Any CPU = Release|Any CPU
	EndGlobalSection
	GlobalSection(ProjectConfigurationPlatforms) = postSolution
		{6EB86242-7D6C-4119-9672-40FC118E84E8}.Debug|Any CPU.ActiveCfg = Debug|Any CPU
		{6EB86242-7D6C-4119-9672-40FC118E84E8}.Debug|Any CPU.Build.0 = Debug|Any CPU
		{6EB86242-7D6C-4119-9672-40FC118E84E8}.Release|Any CPU.ActiveCfg = Release|Any CPU
		{6EB86242-7D6C-4119-9672-40FC118E84E8}.Release|Any CPU.Build.0 = Release|Any CPU
	EndGlobalSection
	GlobalSection(SolutionProperties) = preSolution
		HideSolutionNode = FALSE
	EndGlobalSection
	GlobalSection(ExtensibilityGlobals) = postSolution
		SolutionGuid = {E0E1222F-F358-4AA6-861D-64EC9E370809}
	EndGlobalSection
EndGlobal
